
Microsoft Visual Studio Solution File, Format Version 12.00
# Visual Studio Version 17
VisualStudioVersion = 17.7.34009.444
MinimumVisualStudioVersion = 10.0.40219.1
Project("{9A19103F-16F7-4668-BE54-9A1E7A4F7556}") = "Kutuphane.web", "Kutuphane.web\Kutuphane.web.csproj", "{39225B47-963B-4FA1-A03D-F1E6275C606C}"
EndProject
Project("{FAE04EC0-301F-11D3-BF4B-00C04F79EFBC}") = "Kutuphane.Models", "Kutuphane.Models\Kutuphane.Models.csproj", "{AC51AC9E-0420-4AB3-B0D5-74695B612DE5}"
EndProject
Project("{FAE04EC0-301F-11D3-BF4B-00C04F79EFBC}") = "Kutuphane.Data", "Kutuphane.Data\Kutuphane.Data.csproj", "{4300D049-00A8-4E28-A43A-F9F1A0293B1F}"
EndProject
Global
	GlobalSection(SolutionConfigurationPlatforms) = preSolution
		Debug|Any CPU = Debug|Any CPU
		Release|Any CPU = Release|Any CPU
	EndGlobalSection
	GlobalSection(ProjectConfigurationPlatforms) = postSolution
		{39225B47-963B-4FA1-A03D-F1E6275C606C}.Debug|Any CPU.ActiveCfg = Debug|Any CPU
		{39225B47-963B-4FA1-A03D-F1E6275C606C}.Debug|Any CPU.Build.0 = Debug|Any CPU
		{39225B47-963B-4FA1-A03D-F1E6275C606C}.Release|Any CPU.ActiveCfg = Release|Any CPU
		{39225B47-963B-4FA1-A03D-F1E6275C606C}.Release|Any CPU.Build.0 = Release|Any CPU
		{AC51AC9E-0420-4AB3-B0D5-74695B612DE5}.Debug|Any CPU.ActiveCfg = Debug|Any CPU
		{AC51AC9E-0420-4AB3-B0D5-74695B612DE5}.Debug|Any CPU.Build.0 = Debug|Any CPU
		{AC51AC9E-0420-4AB3-B0D5-74695B612DE5}.Release|Any CPU.ActiveCfg = Release|Any CPU
		{AC51AC9E-0420-4AB3-B0D5-74695B612DE5}.Release|Any CPU.Build.0 = Release|Any CPU
		{4300D049-00A8-4E28-A43A-F9F1A0293B1F}.Debug|Any CPU.ActiveCfg = Debug|Any CPU
		{4300D049-00A8-4E28-A43A-F9F1A0293B1F}.Debug|Any CPU.Build.0 = Debug|Any CPU
		{4300D049-00A8-4E28-A43A-F9F1A0293B1F}.Release|Any CPU.ActiveCfg = Release|Any CPU
		{4300D049-00A8-4E28-A43A-F9F1A0293B1F}.Release|Any CPU.Build.0 = Release|Any CPU
	EndGlobalSection
	GlobalSection(SolutionProperties) = preSolution
		HideSolutionNode = FALSE
	EndGlobalSection
	GlobalSection(ExtensibilityGlobals) = postSolution
		SolutionGuid = {E21C33B9-D76D-4FA2-A0E3-35A2899D7D64}
	EndGlobalSection
EndGlobal
